// !$*UTF8*$!
{
	archiveVersion = 1;
	classes = {
	};
	objectVersion = 77;
	objects = {

/* Begin PBXBuildFile section */
		E88627DB2DDC87AB004F1BD8 /* Lottie in Frameworks */ = {isa = PBXBuildFile; productRef = E88627DA2DDC87AB004F1BD8 /* Lottie */; };
/* End PBXBuildFile section */

/* Begin PBXContainerItemProxy section */
		E886275F2DDC86E9004F1BD8 /* PBXContainerItemProxy */ = {
			isa = PBXContainerItemProxy;
			containerPortal = E88627492DDC86E2004F1BD8 /* Project object */;
			proxyType = 1;
			remoteGlobalIDString = E88627502DDC86E2004F1BD8;
			remoteInfo = MYWeather;
		};
		E88627692DDC86E9004F1BD8 /* PBXContainerItemProxy */ = {
			isa = PBXContainerItemProxy;
			containerPortal = E88627492DDC86E2004F1BD8 /* Project object */;
			proxyType = 1;
			remoteGlobalIDString = E88627502DDC86E2004F1BD8;
			remoteInfo = MYWeather;
		};
/* End PBXContainerItemProxy section */

/* Begin PBXFileReference section */
		E88627512DDC86E2004F1BD8 /* MYWeather.app */ = {isa = PBXFileReference; explicitFileType = wrapper.application; includeInIndex = 0; path = MYWeather.app; sourceTree = BUILT_PRODUCTS_DIR; };
		E886275E2DDC86E9004F1BD8 /* MYWeatherTests.xctest */ = {isa = PBXFileReference; explicitFileType = wrapper.cfbundle; includeInIndex = 0; path = MYWeatherTests.xctest; sourceTree = BUILT_PRODUCTS_DIR; };
		E88627682DDC86E9004F1BD8 /* MYWeatherUITests.xctest */ = {isa = PBXFileReference; explicitFileType = wrapper.cfbundle; includeInIndex = 0; path = MYWeatherUITests.xctest; sourceTree = BUILT_PRODUCTS_DIR; };
/* End PBXFileReference section */

/* Begin PBXFileSystemSynchronizedRootGroup section */
		E88627532DDC86E2004F1BD8 /* MYWeather */ = {
			isa = PBXFileSystemSynchronizedRootGroup;
			path = MYWeather;
			sourceTree = "<group>";
		};
		E88627612DDC86E9004F1BD8 /* MYWeatherTests */ = {
			isa = PBXFileSystemSynchronizedRootGroup;
			path = MYWeatherTests;
			sourceTree = "<group>";
		};
		E886276B2DDC86E9004F1BD8 /* MYWeatherUITests */ = {
			isa = PBXFileSystemSynchronizedRootGroup;
			path = MYWeatherUITests;
			sourceTree = "<group>";
		};
/* End PBXFileSystemSynchronizedRootGroup section */

/* Begin PBXFrameworksBuildPhase section */
		E886274E2DDC86E2004F1BD8 /* Frameworks */ = {
			isa = PBXFrameworksBuildPhase;
			buildActionMask = 2147483647;
			files = (
				E88627DB2DDC87AB004F1BD8 /* Lottie in Frameworks */,
			);
			runOnlyForDeploymentPostprocessing = 0;
		};
		E886275B2DDC86E9004F1BD8 /* Frameworks */ = {
			isa = PBXFrameworksBuildPhase;
			buildActionMask = 2147483647;
			files = (
			);
			runOnlyForDeploymentPostprocessing = 0;
		};
		E88627652DDC86E9004F1BD8 /* Frameworks */ = {
			isa = PBXFrameworksBuildPhase;
			buildActionMask = 2147483647;
			files = (
			);
			runOnlyForDeploymentPostprocessing = 0;
		};
/* End PBXFrameworksBuildPhase section */

/* Begin PBXGroup section */
		E88627482DDC86E2004F1BD8 = {
			isa = PBXGroup;
			children = (
				E88627532DDC86E2004F1BD8 /* MYWeather */,
				E88627612DDC86E9004F1BD8 /* MYWeatherTests */,
				E886276B2DDC86E9004F1BD8 /* MYWeatherUITests */,
				E88627522DDC86E2004F1BD8 /* Products */,
			);
			sourceTree = "<group>";
		};
		E88627522DDC86E2004F1BD8 /* Products */ = {
			isa = PBXGroup;
			children = (
				E88627512DDC86E2004F1BD8 /* MYWeather.app */,
				E886275E2DDC86E9004F1BD8 /* MYWeatherTests.xctest */,
				E88627682DDC86E9004F1BD8 /* MYWeatherUITests.xctest */,
			);
			name = Products;
			sourceTree = "<group>";
		};
/* End PBXGroup section */

/* Begin PBXNativeTarget section */
		E88627502DDC86E2004F1BD8 /* MYWeather */ = {
			isa = PBXNativeTarget;
			buildConfigurationList = E88627722DDC86E9004F1BD8 /* Build configuration list for PBXNativeTarget "MYWeather" */;
			buildPhases = (
				E886274D2DDC86E2004F1BD8 /* Sources */,
				E886274E2DDC86E2004F1BD8 /* Frameworks */,
				E886274F2DDC86E2004F1BD8 /* Resources */,
			);
			buildRules = (
			);
			dependencies = (
			);
			fileSystemSynchronizedGroups = (
				E88627532DDC86E2004F1BD8 /* MYWeather */,
			);
			name = MYWeather;
			packageProductDependencies = (
				E88627DA2DDC87AB004F1BD8 /* Lottie */,
			);
			productName = MYWeather;
			productReference = E88627512DDC86E2004F1BD8 /* MYWeather.app */;
			productType = "com.apple.product-type.application";
		};
		E886275D2DDC86E9004F1BD8 /* MYWeatherTests */ = {
			isa = PBXNativeTarget;
			buildConfigurationList = E88627752DDC86E9004F1BD8 /* Build configuration list for PBXNativeTarget "MYWeatherTests" */;
			buildPhases = (
				E886275A2DDC86E9004F1BD8 /* Sources */,
				E886275B2DDC86E9004F1BD8 /* Frameworks */,
				E886275C2DDC86E9004F1BD8 /* Resources */,
			);
			buildRules = (
			);
			dependencies = (
				E88627602DDC86E9004F1BD8 /* PBXTargetDependency */,
			);
			fileSystemSynchronizedGroups = (
				E88627612DDC86E9004F1BD8 /* MYWeatherTests */,
			);
			name = MYWeatherTests;
			packageProductDependencies = (
			);
			productName = MYWeatherTests;
			productReference = E886275E2DDC86E9004F1BD8 /* MYWeatherTests.xctest */;
			productType = "com.apple.product-type.bundle.unit-test";
		};
		E88627672DDC86E9004F1BD8 /* MYWeatherUITests */ = {
			isa = PBXNativeTarget;
			buildConfigurationList = E88627782DDC86E9004F1BD8 /* Build configuration list for PBXNativeTarget "MYWeatherUITests" */;
			buildPhases = (
				E88627642DDC86E9004F1BD8 /* Sources */,
				E88627652DDC86E9004F1BD8 /* Frameworks */,
				E88627662DDC86E9004F1BD8 /* Resources */,
			);
			buildRules = (
			);
			dependencies = (
				E886276A2DDC86E9004F1BD8 /* PBXTargetDependency */,
			);
			fileSystemSynchronizedGroups = (
				E886276B2DDC86E9004F1BD8 /* MYWeatherUITests */,
			);
			name = MYWeatherUITests;
			packageProductDependencies = (
			);
			productName = MYWeatherUITests;
			productReference = E88627682DDC86E9004F1BD8 /* MYWeatherUITests.xctest */;
			productType = "com.apple.product-type.bundle.ui-testing";
		};
/* End PBXNativeTarget section */

/* Begin PBXProject section */
		E88627492DDC86E2004F1BD8 /* Project object */ = {
			isa = PBXProject;
			attributes = {
				BuildIndependentTargetsInParallel = 1;
				LastSwiftUpdateCheck = 1630;
				LastUpgradeCheck = 1630;
				TargetAttributes = {
					E88627502DDC86E2004F1BD8 = {
						CreatedOnToolsVersion = 16.3;
					};
					E886275D2DDC86E9004F1BD8 = {
						CreatedOnToolsVersion = 16.3;
						TestTargetID = E88627502DDC86E2004F1BD8;
					};
					E88627672DDC86E9004F1BD8 = {
						CreatedOnToolsVersion = 16.3;
						TestTargetID = E88627502DDC86E2004F1BD8;
					};
				};
			};
			buildConfigurationList = E886274C2DDC86E2004F1BD8 /* Build configuration list for PBXProject "MYWeather" */;
			developmentRegion = en;
			hasScannedForEncodings = 0;
			knownRegions = (
				en,
				Base,
			);
			mainGroup = E88627482DDC86E2004F1BD8;
			minimizedProjectReferenceProxies = 1;
			packageReferences = (
				E88627D92DDC87AB004F1BD8 /* XCRemoteSwiftPackageReference "lottie-ios" */,
			);
			preferredProjectObjectVersion = 77;
			productRefGroup = E88627522DDC86E2004F1BD8 /* Products */;
			projectDirPath = "";
			projectRoot = "";
			targets = (
				E88627502DDC86E2004F1BD8 /* MYWeather */,
				E886275D2DDC86E9004F1BD8 /* MYWeatherTests */,
				E88627672DDC86E9004F1BD8 /* MYWeatherUITests */,
			);
		};
/* End PBXProject section */

/* Begin PBXResourcesBuildPhase section */
		E886274F2DDC86E2004F1BD8 /* Resources */ = {
			isa = PBXResourcesBuildPhase;
			buildActionMask = 2147483647;
			files = (
			);
			runOnlyForDeploymentPostprocessing = 0;
		};
		E886275C2DDC86E9004F1BD8 /* Resources */ = {
			isa = PBXResourcesBuildPhase;
			buildActionMask = 2147483647;
			files = (
			);
			runOnlyForDeploymentPostprocessing = 0;
		};
		E88627662DDC86E9004F1BD8 /* Resources */ = {
			isa = PBXResourcesBuildPhase;
			buildActionMask = 2147483647;
			files = (
			);
			runOnlyForDeploymentPostprocessing = 0;
		};
/* End PBXResourcesBuildPhase section */

/* Begin PBXSourcesBuildPhase section */
		E886274D2DDC86E2004F1BD8 /* Sources */ = {
			isa = PBXSourcesBuildPhase;
			buildActionMask = 2147483647;
			files = (
			);
			runOnlyForDeploymentPostprocessing = 0;
		};
		E886275A2DDC86E9004F1BD8 /* Sources */ = {
			isa = PBXSourcesBuildPhase;
			buildActionMask = 2147483647;
			files = (
			);
			runOnlyForDeploymentPostprocessing = 0;
		};
		E88627642DDC86E9004F1BD8 /* Sources */ = {
			isa = PBXSourcesBuildPhase;
			buildActionMask = 2147483647;
			files = (
			);
			runOnlyForDeploymentPostprocessing = 0;
		};
/* End PBXSourcesBuildPhase section */

/* Begin PBXTargetDependency section */
		E88627602DDC86E9004F1BD8 /* PBXTargetDependency */ = {
			isa = PBXTargetDependency;
			target = E88627502DDC86E2004F1BD8 /* MYWeather */;
			targetProxy = E886275F2DDC86E9004F1BD8 /* PBXContainerItemProxy */;
		};
		E886276A2DDC86E9004F1BD8 /* PBXTargetDependency */ = {
			isa = PBXTargetDependency;
			target = E88627502DDC86E2004F1BD8 /* MYWeather */;
			targetProxy = E88627692DDC86E9004F1BD8 /* PBXContainerItemProxy */;
		};
/* End PBXTargetDependency section */

/* Begin XCBuildConfiguration section */
		E88627702DDC86E9004F1BD8 /* Debug */ = {
			isa = XCBuildConfiguration;
			buildSettings = {
				ALWAYS_SEARCH_USER_PATHS = NO;
				ASSETCATALOG_COMPILER_GENERATE_SWIFT_ASSET_SYMBOL_EXTENSIONS = YES;
				CLANG_ANALYZER_NONNULL = YES;
				CLANG_ANALYZER_NUMBER_OBJECT_CONVERSION = YES_AGGRESSIVE;
				CLANG_CXX_LANGUAGE_STANDARD = "gnu++20";
				CLANG_ENABLE_MODULES = YES;
				CLANG_ENABLE_OBJC_ARC = YES;
				CLANG_ENABLE_OBJC_WEAK = YES;
				CLANG_WARN_BLOCK_CAPTURE_AUTORELEASING = YES;
				CLANG_WARN_BOOL_CONVERSION = YES;
				CLANG_WARN_COMMA = YES;
				CLANG_WARN_CONSTANT_CONVERSION = YES;
				CLANG_WARN_DEPRECATED_OBJC_IMPLEMENTATIONS = YES;
				CLANG_WARN_DIRECT_OBJC_ISA_USAGE = YES_ERROR;
				CLANG_WARN_DOCUMENTATION_COMMENTS = YES;
				CLANG_WARN_EMPTY_BODY = YES;
				CLANG_WARN_ENUM_CONVERSION = YES;
				CLANG_WARN_INFINITE_RECURSION = YES;
				CLANG_WARN_INT_CONVERSION = YES;
				CLANG_WARN_NON_LITERAL_NULL_CONVERSION = YES;
				CLANG_WARN_OBJC_IMPLICIT_RETAIN_SELF = YES;
				CLANG_WARN_OBJC_LITERAL_CONVERSION = YES;
				CLANG_WARN_OBJC_ROOT_CLASS = YES_ERROR;
				CLANG_WARN_QUOTED_INCLUDE_IN_FRAMEWORK_HEADER = YES;
				CLANG_WARN_RANGE_LOOP_ANALYSIS = YES;
				CLANG_WARN_STRICT_PROTOTYPES = YES;
				CLANG_WARN_SUSPICIOUS_MOVE = YES;
				CLANG_WARN_UNGUARDED_AVAILABILITY = YES_AGGRESSIVE;
				CLANG_WARN_UNREACHABLE_CODE = YES;
				CLANG_WARN__DUPLICATE_METHOD_MATCH = YES;
				COPY_PHASE_STRIP = NO;
				DEBUG_INFORMATION_FORMAT = dwarf;
				ENABLE_STRICT_OBJC_MSGSEND = YES;
				ENABLE_TESTABILITY = YES;
				ENABLE_USER_SCRIPT_SANDBOXING = YES;
				GCC_C_LANGUAGE_STANDARD = gnu17;
				GCC_DYNAMIC_NO_PIC = NO;
				GCC_NO_COMMON_BLOCKS = YES;
				GCC_OPTIMIZATION_LEVEL = 0;
				GCC_PREPROCESSOR_DEFINITIONS = (
					"DEBUG=1",
					"$(inherited)",
				);
				GCC_WARN_64_TO_32_BIT_CONVERSION = YES;
				GCC_WARN_ABOUT_RETURN_TYPE = YES_ERROR;
				GCC_WARN_UNDECLARED_SELECTOR = YES;
				GCC_WARN_UNINITIALIZED_AUTOS = YES_AGGRESSIVE;
				GCC_WARN_UNUSED_FUNCTION = YES;
				GCC_WARN_UNUSED_VARIABLE = YES;
				IPHONEOS_DEPLOYMENT_TARGET = 18.4;
				LOCALIZATION_PREFERS_STRING_CATALOGS = YES;
				MTL_ENABLE_DEBUG_INFO = INCLUDE_SOURCE;
				MTL_FAST_MATH = YES;
				ONLY_ACTIVE_ARCH = YES;
				SDKROOT = iphoneos;
				SWIFT_ACTIVE_COMPILATION_CONDITIONS = "DEBUG $(inherited)";
				SWIFT_OPTIMIZATION_LEVEL = "-Onone";
			};
			name = Debug;
		};
		E88627712DDC86E9004F1BD8 /* Release */ = {
			isa = XCBuildConfiguration;
			buildSettings = {
				ALWAYS_SEARCH_USER_PATHS = NO;
				ASSETCATALOG_COMPILER_GENERATE_SWIFT_ASSET_SYMBOL_EXTENSIONS = YES;
				CLANG_ANALYZER_NONNULL = YES;
				CLANG_ANALYZER_NUMBER_OBJECT_CONVERSION = YES_AGGRESSIVE;
				CLANG_CXX_LANGUAGE_STANDARD = "gnu++20";
				CLANG_ENABLE_MODULES = YES;
				CLANG_ENABLE_OBJC_ARC = YES;
				CLANG_ENABLE_OBJC_WEAK = YES;
				CLANG_WARN_BLOCK_CAPTURE_AUTORELEASING = YES;
				CLANG_WARN_BOOL_CONVERSION = YES;
				CLANG_WARN_COMMA = YES;
				CLANG_WARN_CONSTANT_CONVERSION = YES;
				CLANG_WARN_DEPRECATED_OBJC_IMPLEMENTATIONS = YES;
				CLANG_WARN_DIRECT_OBJC_ISA_USAGE = YES_ERROR;
				CLANG_WARN_DOCUMENTATION_COMMENTS = YES;
				CLANG_WARN_EMPTY_BODY = YES;
				CLANG_WARN_ENUM_CONVERSION = YES;
				CLANG_WARN_INFINITE_RECURSION = YES;
				CLANG_WARN_INT_CONVERSION = YES;
				CLANG_WARN_NON_LITERAL_NULL_CONVERSION = YES;
				CLANG_WARN_OBJC_IMPLICIT_RETAIN_SELF = YES;
				CLANG_WARN_OBJC_LITERAL_CONVERSION = YES;
				CLANG_WARN_OBJC_ROOT_CLASS = YES_ERROR;
				CLANG_WARN_QUOTED_INCLUDE_IN_FRAMEWORK_HEADER = YES;
				CLANG_WARN_RANGE_LOOP_ANALYSIS = YES;
				CLANG_WARN_STRICT_PROTOTYPES = YES;
				CLANG_WARN_SUSPICIOUS_MOVE = YES;
				CLANG_WARN_UNGUARDED_AVAILABILITY = YES_AGGRESSIVE;
				CLANG_WARN_UNREACHABLE_CODE = YES;
				CLANG_WARN__DUPLICATE_METHOD_MATCH = YES;
				COPY_PHASE_STRIP = NO;
				DEBUG_INFORMATION_FORMAT = "dwarf-with-dsym";
				ENABLE_NS_ASSERTIONS = NO;
				ENABLE_STRICT_OBJC_MSGSEND = YES;
				ENABLE_USER_SCRIPT_SANDBOXING = YES;
				GCC_C_LANGUAGE_STANDARD = gnu17;
				GCC_NO_COMMON_BLOCKS = YES;
				GCC_WARN_64_TO_32_BIT_CONVERSION = YES;
				GCC_WARN_ABOUT_RETURN_TYPE = YES_ERROR;
				GCC_WARN_UNDECLARED_SELECTOR = YES;
				GCC_WARN_UNINITIALIZED_AUTOS = YES_AGGRESSIVE;
				GCC_WARN_UNUSED_FUNCTION = YES;
				GCC_WARN_UNUSED_VARIABLE = YES;
				IPHONEOS_DEPLOYMENT_TARGET = 18.4;
				LOCALIZATION_PREFERS_STRING_CATALOGS = YES;
				MTL_ENABLE_DEBUG_INFO = NO;
				MTL_FAST_MATH = YES;
				SDKROOT = iphoneos;
				SWIFT_COMPILATION_MODE = wholemodule;
				VALIDATE_PRODUCT = YES;
			};
			name = Release;
		};
		E88627732DDC86E9004F1BD8 /* Debug */ = {
			isa = XCBuildConfiguration;
			buildSettings = {
				ASSETCATALOG_COMPILER_APPICON_NAME = AppIcon;
				ASSETCATALOG_COMPILER_GLOBAL_ACCENT_COLOR_NAME = AccentColor;
				CODE_SIGN_STYLE = Automatic;
				CURRENT_PROJECT_VERSION = 1;
				ENABLE_PREVIEWS = YES;
				GENERATE_INFOPLIST_FILE = YES;
				INFOPLIST_KEY_LSApplicationCategoryType = "public.app-category.weather";
				INFOPLIST_KEY_UIApplicationSceneManifest_Generation = YES;
				INFOPLIST_KEY_UIApplicationSupportsIndirectInputEvents = YES;
				INFOPLIST_KEY_UILaunchScreen_Generation = YES;
				INFOPLIST_KEY_UISupportedInterfaceOrientations = UIInterfaceOrientationPortrait;
				INFOPLIST_KEY_UISupportedInterfaceOrientations_iPad = "UIInterfaceOrientationLandscapeLeft UIInterfaceOrientationLandscapeRight UIInterfaceOrientationPortrait UIInterfaceOrientationPortraitUpsideDown";
				IPHONEOS_DEPLOYMENT_TARGET = 18.0;
				LD_RUNPATH_SEARCH_PATHS = (
					"$(inherited)",
					"@executable_path/Frameworks",
				);
				MARKETING_VERSION = 1.0;
				PRODUCT_BUNDLE_IDENTIFIER = com.myPractice.MYWeather;
				PRODUCT_NAME = "$(TARGET_NAME)";
				SWIFT_EMIT_LOC_STRINGS = YES;
				SWIFT_VERSION = 5.0;
				TARGETED_DEVICE_FAMILY = "1,2";
			};
			name = Debug;
		};
		E88627742DDC86E9004F1BD8 /* Release */ = {
			isa = XCBuildConfiguration;
			buildSettings = {
				ASSETCATALOG_COMPILER_APPICON_NAME = AppIcon;
				ASSETCATALOG_COMPILER_GLOBAL_ACCENT_COLOR_NAME = AccentColor;
				CODE_SIGN_STYLE = Automatic;
				CURRENT_PROJECT_VERSION = 1;
				ENABLE_PREVIEWS = YES;
				GENERATE_INFOPLIST_FILE = YES;
				INFOPLIST_KEY_LSApplicationCategoryType = "public.app-category.weather";
				INFOPLIST_KEY_UIApplicationSceneManifest_Generation = YES;
				INFOPLIST_KEY_UIApplicationSupportsIndirectInputEvents = YES;
				INFOPLIST_KEY_UILaunchScreen_Generation = YES;
				INFOPLIST_KEY_UISupportedInterfaceOrientations = UIInterfaceOrientationPortrait;
				INFOPLIST_KEY_UISupportedInterfaceOrientations_iPad = "UIInterfaceOrientationLandscapeLeft UIInterfaceOrientationLandscapeRight UIInterfaceOrientationPortrait UIInterfaceOrientationPortraitUpsideDown";
				IPHONEOS_DEPLOYMENT_TARGET = 18.0;
				LD_RUNPATH_SEARCH_PATHS = (
					"$(inherited)",
					"@executable_path/Frameworks",
				);
				MARKETING_VERSION = 1.0;
				PRODUCT_BUNDLE_IDENTIFIER = com.myPractice.MYWeather;
				PRODUCT_NAME = "$(TARGET_NAME)";
				SWIFT_EMIT_LOC_STRINGS = YES;
				SWIFT_VERSION = 5.0;
				TARGETED_DEVICE_FAMILY = "1,2";
			};
			name = Release;
		};
		E88627762DDC86E9004F1BD8 /* Debug */ = {
			isa = XCBuildConfiguration;
			buildSettings = {
				BUNDLE_LOADER = "$(TEST_HOST)";
				CODE_SIGN_STYLE = Automatic;
				CURRENT_PROJECT_VERSION = 1;
				GENERATE_INFOPLIST_FILE = YES;
				IPHONEOS_DEPLOYMENT_TARGET = 18.4;
				MARKETING_VERSION = 1.0;
				PRODUCT_BUNDLE_IDENTIFIER = com.myPractice.MYWeatherTests;
				PRODUCT_NAME = "$(TARGET_NAME)";
				SWIFT_EMIT_LOC_STRINGS = NO;
				SWIFT_VERSION = 5.0;
				TARGETED_DEVICE_FAMILY = "1,2";
				TEST_HOST = "$(BUILT_PRODUCTS_DIR)/MYWeather.app/$(BUNDLE_EXECUTABLE_FOLDER_PATH)/MYWeather";
			};
			name = Debug;
		};
		E88627772DDC86E9004F1BD8 /* Release */ = {
			isa = XCBuildConfiguration;
			buildSettings = {
				BUNDLE_LOADER = "$(TEST_HOST)";
				CODE_SIGN_STYLE = Automatic;
				CURRENT_PROJECT_VERSION = 1;
				GENERATE_INFOPLIST_FILE = YES;
				IPHONEOS_DEPLOYMENT_TARGET = 18.4;
				MARKETING_VERSION = 1.0;
				PRODUCT_BUNDLE_IDENTIFIER = com.myPractice.MYWeatherTests;
				PRODUCT_NAME = "$(TARGET_NAME)";
				SWIFT_EMIT_LOC_STRINGS = NO;
				SWIFT_VERSION = 5.0;
				TARGETED_DEVICE_FAMILY = "1,2";
				TEST_HOST = "$(BUILT_PRODUCTS_DIR)/MYWeather.app/$(BUNDLE_EXECUTABLE_FOLDER_PATH)/MYWeather";
			};
			name = Release;
		};
		E88627792DDC86E9004F1BD8 /* Debug */ = {
			isa = XCBuildConfiguration;
			buildSettings = {
				CODE_SIGN_STYLE = Automatic;
				CURRENT_PROJECT_VERSION = 1;
				GENERATE_INFOPLIST_FILE = YES;
				MARKETING_VERSION = 1.0;
				PRODUCT_BUNDLE_IDENTIFIER = com.myPractice.MYWeatherUITests;
				PRODUCT_NAME = "$(TARGET_NAME)";
				SWIFT_EMIT_LOC_STRINGS = NO;
				SWIFT_VERSION = 5.0;
				TARGETED_DEVICE_FAMILY = "1,2";
				TEST_TARGET_NAME = MYWeather;
			};
			name = Debug;
		};
		E886277A2DDC86E9004F1BD8 /* Release */ = {
			isa = XCBuildConfiguration;
			buildSettings = {
				CODE_SIGN_STYLE = Automatic;
				CURRENT_PROJECT_VERSION = 1;
				GENERATE_INFOPLIST_FILE = YES;
				MARKETING_VERSION = 1.0;
				PRODUCT_BUNDLE_IDENTIFIER = com.myPractice.MYWeatherUITests;
				PRODUCT_NAME = "$(TARGET_NAME)";
				SWIFT_EMIT_LOC_STRINGS = NO;
				SWIFT_VERSION = 5.0;
				TARGETED_DEVICE_FAMILY = "1,2";
				TEST_TARGET_NAME = MYWeather;
			};
			name = Release;
		};
/* End XCBuildConfiguration section */

/* Begin XCConfigurationList section */
		E886274C2DDC86E2004F1BD8 /* Build configuration list for PBXProject "MYWeather" */ = {
			isa = XCConfigurationList;
			buildConfigurations = (
				E88627702DDC86E9004F1BD8 /* Debug */,
				E88627712DDC86E9004F1BD8 /* Release */,
			);
			defaultConfigurationIsVisible = 0;
			defaultConfigurationName = Release;
		};
		E88627722DDC86E9004F1BD8 /* Build configuration list for PBXNativeTarget "MYWeather" */ = {
			isa = XCConfigurationList;
			buildConfigurations = (
				E88627732DDC86E9004F1BD8 /* Debug */,
				E88627742DDC86E9004F1BD8 /* Release */,
			);
			defaultConfigurationIsVisible = 0;
			defaultConfigurationName = Release;
		};
		E88627752DDC86E9004F1BD8 /* Build configuration list for PBXNativeTarget "MYWeatherTests" */ = {
			isa = XCConfigurationList;
			buildConfigurations = (
				E88627762DDC86E9004F1BD8 /* Debug */,
				E88627772DDC86E9004F1BD8 /* Release */,
			);
			defaultConfigurationIsVisible = 0;
			defaultConfigurationName = Release;
		};
		E88627782DDC86E9004F1BD8 /* Build configuration list for PBXNativeTarget "MYWeatherUITests" */ = {
			isa = XCConfigurationList;
			buildConfigurations = (
				E88627792DDC86E9004F1BD8 /* Debug */,
				E886277A2DDC86E9004F1BD8 /* Release */,
			);
			defaultConfigurationIsVisible = 0;
			defaultConfigurationName = Release;
		};
/* End XCConfigurationList section */

/* Begin XCRemoteSwiftPackageReference section */
		E88627D92DDC87AB004F1BD8 /* XCRemoteSwiftPackageReference "lottie-ios" */ = {
			isa = XCRemoteSwiftPackageReference;
			repositoryURL = "https://github.com/airbnb/lottie-ios.git";
			requirement = {
				kind = upToNextMajorVersion;
				minimumVersion = 4.5.1;
			};
		};
/* End XCRemoteSwiftPackageReference section */

/* Begin XCSwiftPackageProductDependency section */
		E88627DA2DDC87AB004F1BD8 /* Lottie */ = {
			isa = XCSwiftPackageProductDependency;
			package = E88627D92DDC87AB004F1BD8 /* XCRemoteSwiftPackageReference "lottie-ios" */;
			productName = Lottie;
		};
/* End XCSwiftPackageProductDependency section */
	};
	rootObject = E88627492DDC86E2004F1BD8 /* Project object */;
}
